// !$*UTF8*$!
{
	archiveVersion = 1;
	classes = {
	};
	objectVersion = 50;
	objects = {

/* Begin PBXBuildFile section */
		F0D22D662232EF61007E619A /* BaseTabBarController.swift in Sources */ = {isa = PBXBuildFile; fileRef = F0D22D652232EF61007E619A /* BaseTabBarController.swift */; };
		F0D22D682232F9EA007E619A /* AppSearchController.swift in Sources */ = {isa = PBXBuildFile; fileRef = F0D22D672232F9EA007E619A /* AppSearchController.swift */; };
		F0D22D6B2233005D007E619A /* SearchResultCell.swift in Sources */ = {isa = PBXBuildFile; fileRef = F0D22D6A2233005D007E619A /* SearchResultCell.swift */; };
		F0D22D6D2233099D007E619A /* UIView+Layout.swift in Sources */ = {isa = PBXBuildFile; fileRef = F0D22D6C2233099D007E619A /* UIView+Layout.swift */; };
		F0D22D6F223317E5007E619A /* VerticalStackView.swift in Sources */ = {isa = PBXBuildFile; fileRef = F0D22D6E223317E5007E619A /* VerticalStackView.swift */; };
		F0E788652232E49700E77A82 /* AppDelegate.swift in Sources */ = {isa = PBXBuildFile; fileRef = F0E788642232E49700E77A82 /* AppDelegate.swift */; };
		F0E788672232E49700E77A82 /* ViewController.swift in Sources */ = {isa = PBXBuildFile; fileRef = F0E788662232E49700E77A82 /* ViewController.swift */; };
		F0E7886A2232E49700E77A82 /* Main.storyboard in Resources */ = {isa = PBXBuildFile; fileRef = F0E788682232E49700E77A82 /* Main.storyboard */; };
		F0E7886C2232E49800E77A82 /* Assets.xcassets in Resources */ = {isa = PBXBuildFile; fileRef = F0E7886B2232E49800E77A82 /* Assets.xcassets */; };
		F0E7886F2232E49800E77A82 /* LaunchScreen.storyboard in Resources */ = {isa = PBXBuildFile; fileRef = F0E7886D2232E49800E77A82 /* LaunchScreen.storyboard */; };
		F0E7887A2232E49800E77A82 /* AppStoreTests.swift in Sources */ = {isa = PBXBuildFile; fileRef = F0E788792232E49800E77A82 /* AppStoreTests.swift */; };
/* End PBXBuildFile section */

/* Begin PBXContainerItemProxy section */
		F0E788762232E49800E77A82 /* PBXContainerItemProxy */ = {
			isa = PBXContainerItemProxy;
			containerPortal = F0E788592232E49700E77A82 /* Project object */;
			proxyType = 1;
			remoteGlobalIDString = F0E788602232E49700E77A82;
			remoteInfo = AppStore;
		};
/* End PBXContainerItemProxy section */

/* Begin PBXFileReference section */
		F0D22D652232EF61007E619A /* BaseTabBarController.swift */ = {isa = PBXFileReference; lastKnownFileType = sourcecode.swift; path = BaseTabBarController.swift; sourceTree = "<group>"; };
		F0D22D672232F9EA007E619A /* AppSearchController.swift */ = {isa = PBXFileReference; lastKnownFileType = sourcecode.swift; path = AppSearchController.swift; sourceTree = "<group>"; };
		F0D22D6A2233005D007E619A /* SearchResultCell.swift */ = {isa = PBXFileReference; lastKnownFileType = sourcecode.swift; path = SearchResultCell.swift; sourceTree = "<group>"; };
		F0D22D6C2233099D007E619A /* UIView+Layout.swift */ = {isa = PBXFileReference; lastKnownFileType = sourcecode.swift; path = "UIView+Layout.swift"; sourceTree = "<group>"; };
		F0D22D6E223317E5007E619A /* VerticalStackView.swift */ = {isa = PBXFileReference; lastKnownFileType = sourcecode.swift; path = VerticalStackView.swift; sourceTree = "<group>"; };
		F0E788612232E49700E77A82 /* AppStore.app */ = {isa = PBXFileReference; explicitFileType = wrapper.application; includeInIndex = 0; path = AppStore.app; sourceTree = BUILT_PRODUCTS_DIR; };
		F0E788642232E49700E77A82 /* AppDelegate.swift */ = {isa = PBXFileReference; lastKnownFileType = sourcecode.swift; path = AppDelegate.swift; sourceTree = "<group>"; };
		F0E788662232E49700E77A82 /* ViewController.swift */ = {isa = PBXFileReference; lastKnownFileType = sourcecode.swift; path = ViewController.swift; sourceTree = "<group>"; };
		F0E788692232E49700E77A82 /* Base */ = {isa = PBXFileReference; lastKnownFileType = file.storyboard; name = Base; path = Base.lproj/Main.storyboard; sourceTree = "<group>"; };
		F0E7886B2232E49800E77A82 /* Assets.xcassets */ = {isa = PBXFileReference; lastKnownFileType = folder.assetcatalog; path = Assets.xcassets; sourceTree = "<group>"; };
		F0E7886E2232E49800E77A82 /* Base */ = {isa = PBXFileReference; lastKnownFileType = file.storyboard; name = Base; path = Base.lproj/LaunchScreen.storyboard; sourceTree = "<group>"; };
		F0E788702232E49800E77A82 /* Info.plist */ = {isa = PBXFileReference; lastKnownFileType = text.plist.xml; path = Info.plist; sourceTree = "<group>"; };
		F0E788752232E49800E77A82 /* AppStoreTests.xctest */ = {isa = PBXFileReference; explicitFileType = wrapper.cfbundle; includeInIndex = 0; path = AppStoreTests.xctest; sourceTree = BUILT_PRODUCTS_DIR; };
		F0E788792232E49800E77A82 /* AppStoreTests.swift */ = {isa = PBXFileReference; lastKnownFileType = sourcecode.swift; path = AppStoreTests.swift; sourceTree = "<group>"; };
		F0E7887B2232E49800E77A82 /* Info.plist */ = {isa = PBXFileReference; lastKnownFileType = text.plist.xml; path = Info.plist; sourceTree = "<group>"; };
/* End PBXFileReference section */

/* Begin PBXFrameworksBuildPhase section */
		F0E7885E2232E49700E77A82 /* Frameworks */ = {
			isa = PBXFrameworksBuildPhase;
			buildActionMask = 2147483647;
			files = (
			);
			runOnlyForDeploymentPostprocessing = 0;
		};
		F0E788722232E49800E77A82 /* Frameworks */ = {
			isa = PBXFrameworksBuildPhase;
			buildActionMask = 2147483647;
			files = (
			);
			runOnlyForDeploymentPostprocessing = 0;
		};
/* End PBXFrameworksBuildPhase section */

/* Begin PBXGroup section */
		F0D22D6922330037007E619A /* Cells */ = {
			isa = PBXGroup;
			children = (
				F0D22D6A2233005D007E619A /* SearchResultCell.swift */,
			);
			path = Cells;
			sourceTree = "<group>";
		};
		F0E788582232E49700E77A82 = {
			isa = PBXGroup;
			children = (
				F0E788632232E49700E77A82 /* AppStore */,
				F0E788782232E49800E77A82 /* AppStoreTests */,
				F0E788622232E49700E77A82 /* Products */,
			);
			sourceTree = "<group>";
		};
		F0E788622232E49700E77A82 /* Products */ = {
			isa = PBXGroup;
			children = (
				F0E788612232E49700E77A82 /* AppStore.app */,
				F0E788752232E49800E77A82 /* AppStoreTests.xctest */,
			);
			name = Products;
			sourceTree = "<group>";
		};
		F0E788632232E49700E77A82 /* AppStore */ = {
			isa = PBXGroup;
			children = (
				F0E788642232E49700E77A82 /* AppDelegate.swift */,
				F0E788872232E4F700E77A82 /* Models */,
				F0E788882232E4FF00E77A82 /* Views */,
				F0E788842232E4B900E77A82 /* Controllers */,
				F0E7888B2232E53800E77A82 /* Services */,
				F0E788892232E51700E77A82 /* Protocols */,
				F0E7888A2232E52100E77A82 /* Extensions */,
				F0E788852232E4CD00E77A82 /* Resources */,
				F0E788662232E49700E77A82 /* ViewController.swift */,
				F0E788702232E49800E77A82 /* Info.plist */,
			);
			path = AppStore;
			sourceTree = "<group>";
		};
		F0E788782232E49800E77A82 /* AppStoreTests */ = {
			isa = PBXGroup;
			children = (
				F0E788792232E49800E77A82 /* AppStoreTests.swift */,
				F0E7887B2232E49800E77A82 /* Info.plist */,
			);
			path = AppStoreTests;
			sourceTree = "<group>";
		};
		F0E788842232E4B900E77A82 /* Controllers */ = {
			isa = PBXGroup;
			children = (
				F0D22D652232EF61007E619A /* BaseTabBarController.swift */,
				F0D22D672232F9EA007E619A /* AppSearchController.swift */,
			);
			path = Controllers;
			sourceTree = "<group>";
		};
		F0E788852232E4CD00E77A82 /* Resources */ = {
			isa = PBXGroup;
			children = (
				F0E7886B2232E49800E77A82 /* Assets.xcassets */,
			);
			path = Resources;
			sourceTree = "<group>";
		};
		F0E788862232E4ED00E77A82 /* Storyboards */ = {
			isa = PBXGroup;
			children = (
				F0E788682232E49700E77A82 /* Main.storyboard */,
				F0E7886D2232E49800E77A82 /* LaunchScreen.storyboard */,
			);
			path = Storyboards;
			sourceTree = "<group>";
		};
		F0E788872232E4F700E77A82 /* Models */ = {
			isa = PBXGroup;
			children = (
			);
			path = Models;
			sourceTree = "<group>";
		};
		F0E788882232E4FF00E77A82 /* Views */ = {
			isa = PBXGroup;
			children = (
				F0D22D6922330037007E619A /* Cells */,
				F0E788862232E4ED00E77A82 /* Storyboards */,
			);
			path = Views;
			sourceTree = "<group>";
		};
		F0E788892232E51700E77A82 /* Protocols */ = {
			isa = PBXGroup;
			children = (
			);
			path = Protocols;
			sourceTree = "<group>";
		};
		F0E7888A2232E52100E77A82 /* Extensions */ = {
			isa = PBXGroup;
			children = (
				F0D22D6C2233099D007E619A /* UIView+Layout.swift */,
				F0D22D6E223317E5007E619A /* VerticalStackView.swift */,
			);
			path = Extensions;
			sourceTree = "<group>";
		};
		F0E7888B2232E53800E77A82 /* Services */ = {
			isa = PBXGroup;
			children = (
			);
			path = Services;
			sourceTree = "<group>";
		};
/* End PBXGroup section */

/* Begin PBXNativeTarget section */
		F0E788602232E49700E77A82 /* AppStore */ = {
			isa = PBXNativeTarget;
			buildConfigurationList = F0E7887E2232E49800E77A82 /* Build configuration list for PBXNativeTarget "AppStore" */;
			buildPhases = (
				F0E7885D2232E49700E77A82 /* Sources */,
				F0E7885E2232E49700E77A82 /* Frameworks */,
				F0E7885F2232E49700E77A82 /* Resources */,
			);
			buildRules = (
			);
			dependencies = (
			);
			name = AppStore;
			productName = AppStore;
			productReference = F0E788612232E49700E77A82 /* AppStore.app */;
			productType = "com.apple.product-type.application";
		};
		F0E788742232E49800E77A82 /* AppStoreTests */ = {
			isa = PBXNativeTarget;
			buildConfigurationList = F0E788812232E49800E77A82 /* Build configuration list for PBXNativeTarget "AppStoreTests" */;
			buildPhases = (
				F0E788712232E49800E77A82 /* Sources */,
				F0E788722232E49800E77A82 /* Frameworks */,
				F0E788732232E49800E77A82 /* Resources */,
			);
			buildRules = (
			);
			dependencies = (
				F0E788772232E49800E77A82 /* PBXTargetDependency */,
			);
			name = AppStoreTests;
			productName = AppStoreTests;
			productReference = F0E788752232E49800E77A82 /* AppStoreTests.xctest */;
			productType = "com.apple.product-type.bundle.unit-test";
		};
/* End PBXNativeTarget section */

/* Begin PBXProject section */
		F0E788592232E49700E77A82 /* Project object */ = {
			isa = PBXProject;
			attributes = {
				LastSwiftUpdateCheck = 0940;
				LastUpgradeCheck = 0940;
				ORGANIZATIONNAME = "Jony Tucci";
				TargetAttributes = {
					F0E788602232E49700E77A82 = {
						CreatedOnToolsVersion = 9.4;
					};
					F0E788742232E49800E77A82 = {
						CreatedOnToolsVersion = 9.4;
						TestTargetID = F0E788602232E49700E77A82;
					};
				};
			};
			buildConfigurationList = F0E7885C2232E49700E77A82 /* Build configuration list for PBXProject "AppStore" */;
			compatibilityVersion = "Xcode 9.3";
			developmentRegion = en;
			hasScannedForEncodings = 0;
			knownRegions = (
				en,
				Base,
			);
			mainGroup = F0E788582232E49700E77A82;
			productRefGroup = F0E788622232E49700E77A82 /* Products */;
			projectDirPath = "";
			projectRoot = "";
			targets = (
				F0E788602232E49700E77A82 /* AppStore */,
				F0E788742232E49800E77A82 /* AppStoreTests */,
			);
		};
/* End PBXProject section */

/* Begin PBXResourcesBuildPhase section */
		F0E7885F2232E49700E77A82 /* Resources */ = {
			isa = PBXResourcesBuildPhase;
			buildActionMask = 2147483647;
			files = (
				F0E7886F2232E49800E77A82 /* LaunchScreen.storyboard in Resources */,
				F0E7886C2232E49800E77A82 /* Assets.xcassets in Resources */,
				F0E7886A2232E49700E77A82 /* Main.storyboard in Resources */,
			);
			runOnlyForDeploymentPostprocessing = 0;
		};
		F0E788732232E49800E77A82 /* Resources */ = {
			isa = PBXResourcesBuildPhase;
			buildActionMask = 2147483647;
			files = (
			);
			runOnlyForDeploymentPostprocessing = 0;
		};
/* End PBXResourcesBuildPhase section */

/* Begin PBXSourcesBuildPhase section */
		F0E7885D2232E49700E77A82 /* Sources */ = {
			isa = PBXSourcesBuildPhase;
			buildActionMask = 2147483647;
			files = (
				F0E788672232E49700E77A82 /* ViewController.swift in Sources */,
				F0E788652232E49700E77A82 /* AppDelegate.swift in Sources */,
				F0D22D6D2233099D007E619A /* UIView+Layout.swift in Sources */,
				F0D22D662232EF61007E619A /* BaseTabBarController.swift in Sources */,
				F0D22D682232F9EA007E619A /* AppSearchController.swift in Sources */,
				F0D22D6B2233005D007E619A /* SearchResultCell.swift in Sources */,
				F0D22D6F223317E5007E619A /* VerticalStackView.swift in Sources */,
			);
			runOnlyForDeploymentPostprocessing = 0;
		};
		F0E788712232E49800E77A82 /* Sources */ = {
			isa = PBXSourcesBuildPhase;
			buildActionMask = 2147483647;
			files = (
				F0E7887A2232E49800E77A82 /* AppStoreTests.swift in Sources */,
			);
			runOnlyForDeploymentPostprocessing = 0;
		};
/* End PBXSourcesBuildPhase section */

/* Begin PBXTargetDependency section */
		F0E788772232E49800E77A82 /* PBXTargetDependency */ = {
			isa = PBXTargetDependency;
			target = F0E788602232E49700E77A82 /* AppStore */;
			targetProxy = F0E788762232E49800E77A82 /* PBXContainerItemProxy */;
		};
/* End PBXTargetDependency section */

/* Begin PBXVariantGroup section */
		F0E788682232E49700E77A82 /* Main.storyboard */ = {
			isa = PBXVariantGroup;
			children = (
				F0E788692232E49700E77A82 /* Base */,
			);
			name = Main.storyboard;
			sourceTree = "<group>";
		};
		F0E7886D2232E49800E77A82 /* LaunchScreen.storyboard */ = {
			isa = PBXVariantGroup;
			children = (
				F0E7886E2232E49800E77A82 /* Base */,
			);
			name = LaunchScreen.storyboard;
			sourceTree = "<group>";
		};
/* End PBXVariantGroup section */

/* Begin XCBuildConfiguration section */
		F0E7887C2232E49800E77A82 /* Debug */ = {
			isa = XCBuildConfiguration;
			buildSettings = {
				ALWAYS_SEARCH_USER_PATHS = NO;
				CLANG_ANALYZER_NONNULL = YES;
				CLANG_ANALYZER_NUMBER_OBJECT_CONVERSION = YES_AGGRESSIVE;
				CLANG_CXX_LANGUAGE_STANDARD = "gnu++14";
				CLANG_CXX_LIBRARY = "libc++";
				CLANG_ENABLE_MODULES = YES;
				CLANG_ENABLE_OBJC_ARC = YES;
				CLANG_ENABLE_OBJC_WEAK = YES;
				CLANG_WARN_BLOCK_CAPTURE_AUTORELEASING = YES;
				CLANG_WARN_BOOL_CONVERSION = YES;
				CLANG_WARN_COMMA = YES;
				CLANG_WARN_CONSTANT_CONVERSION = YES;
				CLANG_WARN_DEPRECATED_OBJC_IMPLEMENTATIONS = YES;
				CLANG_WARN_DIRECT_OBJC_ISA_USAGE = YES_ERROR;
				CLANG_WARN_DOCUMENTATION_COMMENTS = YES;
				CLANG_WARN_EMPTY_BODY = YES;
				CLANG_WARN_ENUM_CONVERSION = YES;
				CLANG_WARN_INFINITE_RECURSION = YES;
				CLANG_WARN_INT_CONVERSION = YES;
				CLANG_WARN_NON_LITERAL_NULL_CONVERSION = YES;
				CLANG_WARN_OBJC_IMPLICIT_RETAIN_SELF = YES;
				CLANG_WARN_OBJC_LITERAL_CONVERSION = YES;
				CLANG_WARN_OBJC_ROOT_CLASS = YES_ERROR;
				CLANG_WARN_RANGE_LOOP_ANALYSIS = YES;
				CLANG_WARN_STRICT_PROTOTYPES = YES;
				CLANG_WARN_SUSPICIOUS_MOVE = YES;
				CLANG_WARN_UNGUARDED_AVAILABILITY = YES_AGGRESSIVE;
				CLANG_WARN_UNREACHABLE_CODE = YES;
				CLANG_WARN__DUPLICATE_METHOD_MATCH = YES;
				CODE_SIGN_IDENTITY = "iPhone Developer";
				COPY_PHASE_STRIP = NO;
				DEBUG_INFORMATION_FORMAT = dwarf;
				ENABLE_STRICT_OBJC_MSGSEND = YES;
				ENABLE_TESTABILITY = YES;
				GCC_C_LANGUAGE_STANDARD = gnu11;
				GCC_DYNAMIC_NO_PIC = NO;
				GCC_NO_COMMON_BLOCKS = YES;
				GCC_OPTIMIZATION_LEVEL = 0;
				GCC_PREPROCESSOR_DEFINITIONS = (
					"DEBUG=1",
					"$(inherited)",
				);
				GCC_WARN_64_TO_32_BIT_CONVERSION = YES;
				GCC_WARN_ABOUT_RETURN_TYPE = YES_ERROR;
				GCC_WARN_UNDECLARED_SELECTOR = YES;
				GCC_WARN_UNINITIALIZED_AUTOS = YES_AGGRESSIVE;
				GCC_WARN_UNUSED_FUNCTION = YES;
				GCC_WARN_UNUSED_VARIABLE = YES;
				IPHONEOS_DEPLOYMENT_TARGET = 11.4;
				MTL_ENABLE_DEBUG_INFO = YES;
				ONLY_ACTIVE_ARCH = YES;
				SDKROOT = iphoneos;
				SWIFT_ACTIVE_COMPILATION_CONDITIONS = DEBUG;
				SWIFT_OPTIMIZATION_LEVEL = "-Onone";
			};
			name = Debug;
		};
		F0E7887D2232E49800E77A82 /* Release */ = {
			isa = XCBuildConfiguration;
			buildSettings = {
				ALWAYS_SEARCH_USER_PATHS = NO;
				CLANG_ANALYZER_NONNULL = YES;
				CLANG_ANALYZER_NUMBER_OBJECT_CONVERSION = YES_AGGRESSIVE;
				CLANG_CXX_LANGUAGE_STANDARD = "gnu++14";
				CLANG_CXX_LIBRARY = "libc++";
				CLANG_ENABLE_MODULES = YES;
				CLANG_ENABLE_OBJC_ARC = YES;
				CLANG_ENABLE_OBJC_WEAK = YES;
				CLANG_WARN_BLOCK_CAPTURE_AUTORELEASING = YES;
				CLANG_WARN_BOOL_CONVERSION = YES;
				CLANG_WARN_COMMA = YES;
				CLANG_WARN_CONSTANT_CONVERSION = YES;
				CLANG_WARN_DEPRECATED_OBJC_IMPLEMENTATIONS = YES;
				CLANG_WARN_DIRECT_OBJC_ISA_USAGE = YES_ERROR;
				CLANG_WARN_DOCUMENTATION_COMMENTS = YES;
				CLANG_WARN_EMPTY_BODY = YES;
				CLANG_WARN_ENUM_CONVERSION = YES;
				CLANG_WARN_INFINITE_RECURSION = YES;
				CLANG_WARN_INT_CONVERSION = YES;
				CLANG_WARN_NON_LITERAL_NULL_CONVERSION = YES;
				CLANG_WARN_OBJC_IMPLICIT_RETAIN_SELF = YES;
				CLANG_WARN_OBJC_LITERAL_CONVERSION = YES;
				CLANG_WARN_OBJC_ROOT_CLASS = YES_ERROR;
				CLANG_WARN_RANGE_LOOP_ANALYSIS = YES;
				CLANG_WARN_STRICT_PROTOTYPES = YES;
				CLANG_WARN_SUSPICIOUS_MOVE = YES;
				CLANG_WARN_UNGUARDED_AVAILABILITY = YES_AGGRESSIVE;
				CLANG_WARN_UNREACHABLE_CODE = YES;
				CLANG_WARN__DUPLICATE_METHOD_MATCH = YES;
				CODE_SIGN_IDENTITY = "iPhone Developer";
				COPY_PHASE_STRIP = NO;
				DEBUG_INFORMATION_FORMAT = "dwarf-with-dsym";
				ENABLE_NS_ASSERTIONS = NO;
				ENABLE_STRICT_OBJC_MSGSEND = YES;
				GCC_C_LANGUAGE_STANDARD = gnu11;
				GCC_NO_COMMON_BLOCKS = YES;
				GCC_WARN_64_TO_32_BIT_CONVERSION = YES;
				GCC_WARN_ABOUT_RETURN_TYPE = YES_ERROR;
				GCC_WARN_UNDECLARED_SELECTOR = YES;
				GCC_WARN_UNINITIALIZED_AUTOS = YES_AGGRESSIVE;
				GCC_WARN_UNUSED_FUNCTION = YES;
				GCC_WARN_UNUSED_VARIABLE = YES;
				IPHONEOS_DEPLOYMENT_TARGET = 11.4;
				MTL_ENABLE_DEBUG_INFO = NO;
				SDKROOT = iphoneos;
				SWIFT_COMPILATION_MODE = wholemodule;
				SWIFT_OPTIMIZATION_LEVEL = "-O";
				VALIDATE_PRODUCT = YES;
			};
			name = Release;
		};
		F0E7887F2232E49800E77A82 /* Debug */ = {
			isa = XCBuildConfiguration;
			buildSettings = {
				ASSETCATALOG_COMPILER_APPICON_NAME = AppIcon;
				CODE_SIGN_STYLE = Automatic;
				DEVELOPMENT_TEAM = V3KUBC4QCP;
				INFOPLIST_FILE = AppStore/Info.plist;
				LD_RUNPATH_SEARCH_PATHS = (
					"$(inherited)",
					"@executable_path/Frameworks",
				);
				PRODUCT_BUNDLE_IDENTIFIER = com.jonytucci.AppStore;
				PRODUCT_NAME = "$(TARGET_NAME)";
				SWIFT_VERSION = 4.0;
				TARGETED_DEVICE_FAMILY = 1;
			};
			name = Debug;
		};
		F0E788802232E49800E77A82 /* Release */ = {
			isa = XCBuildConfiguration;
			buildSettings = {
				ASSETCATALOG_COMPILER_APPICON_NAME = AppIcon;
				CODE_SIGN_STYLE = Automatic;
				DEVELOPMENT_TEAM = V3KUBC4QCP;
				INFOPLIST_FILE = AppStore/Info.plist;
				LD_RUNPATH_SEARCH_PATHS = (
					"$(inherited)",
					"@executable_path/Frameworks",
				);
				PRODUCT_BUNDLE_IDENTIFIER = com.jonytucci.AppStore;
				PRODUCT_NAME = "$(TARGET_NAME)";
				SWIFT_VERSION = 4.0;
				TARGETED_DEVICE_FAMILY = 1;
			};
			name = Release;
		};
		F0E788822232E49800E77A82 /* Debug */ = {
			isa = XCBuildConfiguration;
			buildSettings = {
				ALWAYS_EMBED_SWIFT_STANDARD_LIBRARIES = YES;
				BUNDLE_LOADER = "$(TEST_HOST)";
				CODE_SIGN_STYLE = Automatic;
				DEVELOPMENT_TEAM = V3KUBC4QCP;
				INFOPLIST_FILE = AppStoreTests/Info.plist;
				LD_RUNPATH_SEARCH_PATHS = (
					"$(inherited)",
					"@executable_path/Frameworks",
					"@loader_path/Frameworks",
				);
				PRODUCT_BUNDLE_IDENTIFIER = com.jonytucci.AppStoreTests;
				PRODUCT_NAME = "$(TARGET_NAME)";
				SWIFT_VERSION = 4.0;
				TARGETED_DEVICE_FAMILY = "1,2";
				TEST_HOST = "$(BUILT_PRODUCTS_DIR)/AppStore.app/AppStore";
			};
			name = Debug;
		};
		F0E788832232E49800E77A82 /* Release */ = {
			isa = XCBuildConfiguration;
			buildSettings = {
				ALWAYS_EMBED_SWIFT_STANDARD_LIBRARIES = YES;
				BUNDLE_LOADER = "$(TEST_HOST)";
				CODE_SIGN_STYLE = Automatic;
				DEVELOPMENT_TEAM = V3KUBC4QCP;
				INFOPLIST_FILE = AppStoreTests/Info.plist;
				LD_RUNPATH_SEARCH_PATHS = (
					"$(inherited)",
					"@executable_path/Frameworks",
					"@loader_path/Frameworks",
				);
				PRODUCT_BUNDLE_IDENTIFIER = com.jonytucci.AppStoreTests;
				PRODUCT_NAME = "$(TARGET_NAME)";
				SWIFT_VERSION = 4.0;
				TARGETED_DEVICE_FAMILY = "1,2";
				TEST_HOST = "$(BUILT_PRODUCTS_DIR)/AppStore.app/AppStore";
			};
			name = Release;
		};
/* End XCBuildConfiguration section */

/* Begin XCConfigurationList section */
		F0E7885C2232E49700E77A82 /* Build configuration list for PBXProject "AppStore" */ = {
			isa = XCConfigurationList;
			buildConfigurations = (
				F0E7887C2232E49800E77A82 /* Debug */,
				F0E7887D2232E49800E77A82 /* Release */,
			);
			defaultConfigurationIsVisible = 0;
			defaultConfigurationName = Release;
		};
		F0E7887E2232E49800E77A82 /* Build configuration list for PBXNativeTarget "AppStore" */ = {
			isa = XCConfigurationList;
			buildConfigurations = (
				F0E7887F2232E49800E77A82 /* Debug */,
				F0E788802232E49800E77A82 /* Release */,
			);
			defaultConfigurationIsVisible = 0;
			defaultConfigurationName = Release;
		};
		F0E788812232E49800E77A82 /* Build configuration list for PBXNativeTarget "AppStoreTests" */ = {
			isa = XCConfigurationList;
			buildConfigurations = (
				F0E788822232E49800E77A82 /* Debug */,
				F0E788832232E49800E77A82 /* Release */,
			);
			defaultConfigurationIsVisible = 0;
			defaultConfigurationName = Release;
		};
/* End XCConfigurationList section */
	};
	rootObject = F0E788592232E49700E77A82 /* Project object */;
}
