// !$*UTF8*$!
{
	archiveVersion = 1;
	classes = {
	};
	objectVersion = 50;
	objects = {

/* Begin PBXBuildFile section */
		666960E408B5F4F5AF789F1A /* Pods_AppStore.framework in Frameworks */ = {isa = PBXBuildFile; fileRef = 2815186262C5FE7F3EE92719 /* Pods_AppStore.framework */; };
		E0B56C9632B18C40EF3A8948 /* Pods_AppStoreTests.framework in Frameworks */ = {isa = PBXBuildFile; fileRef = 87205C7311B923369C36C5A0 /* Pods_AppStoreTests.framework */; };
		F0261F73223D5EF8002F20A4 /* TodayController.swift in Sources */ = {isa = PBXBuildFile; fileRef = F0261F72223D5EF8002F20A4 /* TodayController.swift */; };
		F0261F75223D5F9A002F20A4 /* TodayCell.swift in Sources */ = {isa = PBXBuildFile; fileRef = F0261F74223D5F9A002F20A4 /* TodayCell.swift */; };
		F027AEB9223FED3900D61664 /* TodayAppListCell.swift in Sources */ = {isa = PBXBuildFile; fileRef = F027AEB8223FED3900D61664 /* TodayAppListCell.swift */; };
		F027AEBB223FF47D00D61664 /* BaseTodayCell.swift in Sources */ = {isa = PBXBuildFile; fileRef = F027AEBA223FF47D00D61664 /* BaseTodayCell.swift */; };
		F03CA09A2239623B005161C0 /* PreviewRowCell.swift in Sources */ = {isa = PBXBuildFile; fileRef = F03CA0992239623B005161C0 /* PreviewRowCell.swift */; };
		F03CA09C223963D6005161C0 /* PreviewScreenShotsHorizontalController.swift in Sources */ = {isa = PBXBuildFile; fileRef = F03CA09B223963D6005161C0 /* PreviewScreenShotsHorizontalController.swift */; };
		F0B4BC98223EBA5B00C9D614 /* TodayCellFullScreenController.swift in Sources */ = {isa = PBXBuildFile; fileRef = F0B4BC97223EBA5B00C9D614 /* TodayCellFullScreenController.swift */; };
		F0B4BC9A223EBD4D00C9D614 /* TodayFullScreenDescriptionCell.swift in Sources */ = {isa = PBXBuildFile; fileRef = F0B4BC99223EBD4D00C9D614 /* TodayFullScreenDescriptionCell.swift */; };
		F0B4BC9C223EE03900C9D614 /* TodayFullScreenHeaderCell.swift in Sources */ = {isa = PBXBuildFile; fileRef = F0B4BC9B223EE03900C9D614 /* TodayFullScreenHeaderCell.swift */; };
		F0B4BC9F223EECA200C9D614 /* TodayItem.swift in Sources */ = {isa = PBXBuildFile; fileRef = F0B4BC9E223EECA200C9D614 /* TodayItem.swift */; };
		F0D22D662232EF61007E619A /* BaseTabBarController.swift in Sources */ = {isa = PBXBuildFile; fileRef = F0D22D652232EF61007E619A /* BaseTabBarController.swift */; };
		F0D22D682232F9EA007E619A /* AppSearchController.swift in Sources */ = {isa = PBXBuildFile; fileRef = F0D22D672232F9EA007E619A /* AppSearchController.swift */; };
		F0D22D6B2233005D007E619A /* SearchResultCell.swift in Sources */ = {isa = PBXBuildFile; fileRef = F0D22D6A2233005D007E619A /* SearchResultCell.swift */; };
		F0D22D6D2233099D007E619A /* UIView+Layout.swift in Sources */ = {isa = PBXBuildFile; fileRef = F0D22D6C2233099D007E619A /* UIView+Layout.swift */; };
		F0D22D6F223317E5007E619A /* VerticalStackView.swift in Sources */ = {isa = PBXBuildFile; fileRef = F0D22D6E223317E5007E619A /* VerticalStackView.swift */; };
		F0D22D712233242E007E619A /* SearchResult.swift in Sources */ = {isa = PBXBuildFile; fileRef = F0D22D702233242E007E619A /* SearchResult.swift */; };
		F0D22D7322332CA8007E619A /* APIService.swift in Sources */ = {isa = PBXBuildFile; fileRef = F0D22D7222332CA8007E619A /* APIService.swift */; };
		F0D22D7622342384007E619A /* searchResultModelTests.swift in Sources */ = {isa = PBXBuildFile; fileRef = F0D22D7522342384007E619A /* searchResultModelTests.swift */; };
		F0D22D7922342426007E619A /* instaSearch.json in Resources */ = {isa = PBXBuildFile; fileRef = F0D22D7822342426007E619A /* instaSearch.json */; };
		F0D22D7C22342458007E619A /* XCTestCase.swift in Sources */ = {isa = PBXBuildFile; fileRef = F0D22D7B22342458007E619A /* XCTestCase.swift */; };
		F0D22D7E22342C22007E619A /* AppsPageController.swift in Sources */ = {isa = PBXBuildFile; fileRef = F0D22D7D22342C22007E619A /* AppsPageController.swift */; };
		F0D22D8322342DBA007E619A /* BaseCollectionViewController.swift in Sources */ = {isa = PBXBuildFile; fileRef = F0D22D8222342DBA007E619A /* BaseCollectionViewController.swift */; };
		F0D22D872234352B007E619A /* AppCategoryCell.swift in Sources */ = {isa = PBXBuildFile; fileRef = F0D22D862234352B007E619A /* AppCategoryCell.swift */; };
		F0D22D8922343A67007E619A /* AppCategoryHorizontalController.swift in Sources */ = {isa = PBXBuildFile; fileRef = F0D22D8822343A67007E619A /* AppCategoryHorizontalController.swift */; };
		F0D22D8B22344053007E619A /* AppCell.swift in Sources */ = {isa = PBXBuildFile; fileRef = F0D22D8A22344053007E619A /* AppCell.swift */; };
		F0D22D8D22344156007E619A /* UILabel+Init.swift in Sources */ = {isa = PBXBuildFile; fileRef = F0D22D8C22344156007E619A /* UILabel+Init.swift */; };
		F0D22D8F2234420E007E619A /* UIImageView+Init.swift in Sources */ = {isa = PBXBuildFile; fileRef = F0D22D8E2234420E007E619A /* UIImageView+Init.swift */; };
		F0D22D9122344239007E619A /* UIButton+Init.swift in Sources */ = {isa = PBXBuildFile; fileRef = F0D22D9022344239007E619A /* UIButton+Init.swift */; };
		F0D22D9322344D30007E619A /* AppsPageHeader.swift in Sources */ = {isa = PBXBuildFile; fileRef = F0D22D9222344D30007E619A /* AppsPageHeader.swift */; };
		F0D22D952234584C007E619A /* AppsHeaderHorizontalController.swift in Sources */ = {isa = PBXBuildFile; fileRef = F0D22D942234584C007E619A /* AppsHeaderHorizontalController.swift */; };
		F0D22D9922345B1F007E619A /* AppsHeaderViewCell.swift in Sources */ = {isa = PBXBuildFile; fileRef = F0D22D9822345B1F007E619A /* AppsHeaderViewCell.swift */; };
		F0D22D9F22346B64007E619A /* AppCategory.swift in Sources */ = {isa = PBXBuildFile; fileRef = F0D22D9E22346B64007E619A /* AppCategory.swift */; };
		F0D22DA222349BCB007E619A /* SocialApp.swift in Sources */ = {isa = PBXBuildFile; fileRef = F0D22DA122349BCB007E619A /* SocialApp.swift */; };
		F0D22DA422358B62007E619A /* HorizontalSnappingCollectionViewController.swift in Sources */ = {isa = PBXBuildFile; fileRef = F0D22DA322358B62007E619A /* HorizontalSnappingCollectionViewController.swift */; };
		F0D22DA9223595CA007E619A /* SnappingCollectionFlowLayout.swift in Sources */ = {isa = PBXBuildFile; fileRef = F0D22DA8223595CA007E619A /* SnappingCollectionFlowLayout.swift */; };
		F0D22DAC2235A224007E619A /* AppDetailController.swift in Sources */ = {isa = PBXBuildFile; fileRef = F0D22DAB2235A224007E619A /* AppDetailController.swift */; };
		F0D22DAF2235A647007E619A /* AppDetailCell.swift in Sources */ = {isa = PBXBuildFile; fileRef = F0D22DAE2235A647007E619A /* AppDetailCell.swift */; };
		F0E1DF32223AB0A5000BFF4B /* ReviewRowCell.swift in Sources */ = {isa = PBXBuildFile; fileRef = F0E1DF31223AB0A5000BFF4B /* ReviewRowCell.swift */; };
		F0E1DF34223AB25C000BFF4B /* ReviewsController.swift in Sources */ = {isa = PBXBuildFile; fileRef = F0E1DF33223AB25C000BFF4B /* ReviewsController.swift */; };
		F0E1DF36223AB4DA000BFF4B /* ReviewCell.swift in Sources */ = {isa = PBXBuildFile; fileRef = F0E1DF35223AB4DA000BFF4B /* ReviewCell.swift */; };
		F0E1DF38223ABF0C000BFF4B /* Reviews.swift in Sources */ = {isa = PBXBuildFile; fileRef = F0E1DF37223ABF0C000BFF4B /* Reviews.swift */; };
		F0E1DF3C223AE7F3000BFF4B /* ScreenShotCell.swift in Sources */ = {isa = PBXBuildFile; fileRef = F0E1DF3B223AE7F3000BFF4B /* ScreenShotCell.swift */; };
		F0E788652232E49700E77A82 /* AppDelegate.swift in Sources */ = {isa = PBXBuildFile; fileRef = F0E788642232E49700E77A82 /* AppDelegate.swift */; };
		F0E7886C2232E49800E77A82 /* Assets.xcassets in Resources */ = {isa = PBXBuildFile; fileRef = F0E7886B2232E49800E77A82 /* Assets.xcassets */; };
		F0E7886F2232E49800E77A82 /* LaunchScreen.storyboard in Resources */ = {isa = PBXBuildFile; fileRef = F0E7886D2232E49800E77A82 /* LaunchScreen.storyboard */; };
		F0E7887A2232E49800E77A82 /* AppStoreTests.swift in Sources */ = {isa = PBXBuildFile; fileRef = F0E788792232E49800E77A82 /* AppStoreTests.swift */; };
/* End PBXBuildFile section */

/* Begin PBXContainerItemProxy section */
		F0E788762232E49800E77A82 /* PBXContainerItemProxy */ = {
			isa = PBXContainerItemProxy;
			containerPortal = F0E788592232E49700E77A82 /* Project object */;
			proxyType = 1;
			remoteGlobalIDString = F0E788602232E49700E77A82;
			remoteInfo = AppStore;
		};
/* End PBXContainerItemProxy section */

/* Begin PBXFileReference section */
		2815186262C5FE7F3EE92719 /* Pods_AppStore.framework */ = {isa = PBXFileReference; explicitFileType = wrapper.framework; includeInIndex = 0; path = Pods_AppStore.framework; sourceTree = BUILT_PRODUCTS_DIR; };
		734B4C525849520726B9281C /* Pods-AppStore.release.xcconfig */ = {isa = PBXFileReference; includeInIndex = 1; lastKnownFileType = text.xcconfig; name = "Pods-AppStore.release.xcconfig"; path = "Pods/Target Support Files/Pods-AppStore/Pods-AppStore.release.xcconfig"; sourceTree = "<group>"; };
		87205C7311B923369C36C5A0 /* Pods_AppStoreTests.framework */ = {isa = PBXFileReference; explicitFileType = wrapper.framework; includeInIndex = 0; path = Pods_AppStoreTests.framework; sourceTree = BUILT_PRODUCTS_DIR; };
		A7BCAC29015F6620A992EDA4 /* Pods-AppStoreTests.debug.xcconfig */ = {isa = PBXFileReference; includeInIndex = 1; lastKnownFileType = text.xcconfig; name = "Pods-AppStoreTests.debug.xcconfig"; path = "Pods/Target Support Files/Pods-AppStoreTests/Pods-AppStoreTests.debug.xcconfig"; sourceTree = "<group>"; };
		B021A2BD08E024684223FCC8 /* Pods-AppStoreTests.release.xcconfig */ = {isa = PBXFileReference; includeInIndex = 1; lastKnownFileType = text.xcconfig; name = "Pods-AppStoreTests.release.xcconfig"; path = "Pods/Target Support Files/Pods-AppStoreTests/Pods-AppStoreTests.release.xcconfig"; sourceTree = "<group>"; };
		D224758685B60B72CA7EA1C4 /* Pods-AppStore.debug.xcconfig */ = {isa = PBXFileReference; includeInIndex = 1; lastKnownFileType = text.xcconfig; name = "Pods-AppStore.debug.xcconfig"; path = "Pods/Target Support Files/Pods-AppStore/Pods-AppStore.debug.xcconfig"; sourceTree = "<group>"; };
		F0261F72223D5EF8002F20A4 /* TodayController.swift */ = {isa = PBXFileReference; lastKnownFileType = sourcecode.swift; path = TodayController.swift; sourceTree = "<group>"; };
		F0261F74223D5F9A002F20A4 /* TodayCell.swift */ = {isa = PBXFileReference; lastKnownFileType = sourcecode.swift; path = TodayCell.swift; sourceTree = "<group>"; };
		F027AEB8223FED3900D61664 /* TodayAppListCell.swift */ = {isa = PBXFileReference; lastKnownFileType = sourcecode.swift; path = TodayAppListCell.swift; sourceTree = "<group>"; };
		F027AEBA223FF47D00D61664 /* BaseTodayCell.swift */ = {isa = PBXFileReference; lastKnownFileType = sourcecode.swift; path = BaseTodayCell.swift; sourceTree = "<group>"; };
		F03CA0992239623B005161C0 /* PreviewRowCell.swift */ = {isa = PBXFileReference; lastKnownFileType = sourcecode.swift; path = PreviewRowCell.swift; sourceTree = "<group>"; };
		F03CA09B223963D6005161C0 /* PreviewScreenShotsHorizontalController.swift */ = {isa = PBXFileReference; lastKnownFileType = sourcecode.swift; path = PreviewScreenShotsHorizontalController.swift; sourceTree = "<group>"; };
		F0B4BC97223EBA5B00C9D614 /* TodayCellFullScreenController.swift */ = {isa = PBXFileReference; lastKnownFileType = sourcecode.swift; path = TodayCellFullScreenController.swift; sourceTree = "<group>"; };
		F0B4BC99223EBD4D00C9D614 /* TodayFullScreenDescriptionCell.swift */ = {isa = PBXFileReference; lastKnownFileType = sourcecode.swift; path = TodayFullScreenDescriptionCell.swift; sourceTree = "<group>"; };
		F0B4BC9B223EE03900C9D614 /* TodayFullScreenHeaderCell.swift */ = {isa = PBXFileReference; lastKnownFileType = sourcecode.swift; path = TodayFullScreenHeaderCell.swift; sourceTree = "<group>"; };
		F0B4BC9E223EECA200C9D614 /* TodayItem.swift */ = {isa = PBXFileReference; lastKnownFileType = sourcecode.swift; path = TodayItem.swift; sourceTree = "<group>"; };
		F0D22D652232EF61007E619A /* BaseTabBarController.swift */ = {isa = PBXFileReference; lastKnownFileType = sourcecode.swift; path = BaseTabBarController.swift; sourceTree = "<group>"; };
		F0D22D672232F9EA007E619A /* AppSearchController.swift */ = {isa = PBXFileReference; lastKnownFileType = sourcecode.swift; path = AppSearchController.swift; sourceTree = "<group>"; };
		F0D22D6A2233005D007E619A /* SearchResultCell.swift */ = {isa = PBXFileReference; lastKnownFileType = sourcecode.swift; path = SearchResultCell.swift; sourceTree = "<group>"; };
		F0D22D6C2233099D007E619A /* UIView+Layout.swift */ = {isa = PBXFileReference; lastKnownFileType = sourcecode.swift; path = "UIView+Layout.swift"; sourceTree = "<group>"; };
		F0D22D6E223317E5007E619A /* VerticalStackView.swift */ = {isa = PBXFileReference; lastKnownFileType = sourcecode.swift; path = VerticalStackView.swift; sourceTree = "<group>"; };
		F0D22D702233242E007E619A /* SearchResult.swift */ = {isa = PBXFileReference; lastKnownFileType = sourcecode.swift; path = SearchResult.swift; sourceTree = "<group>"; };
		F0D22D7222332CA8007E619A /* APIService.swift */ = {isa = PBXFileReference; lastKnownFileType = sourcecode.swift; path = APIService.swift; sourceTree = "<group>"; };
		F0D22D7522342384007E619A /* searchResultModelTests.swift */ = {isa = PBXFileReference; lastKnownFileType = sourcecode.swift; path = searchResultModelTests.swift; sourceTree = "<group>"; };
		F0D22D7822342426007E619A /* instaSearch.json */ = {isa = PBXFileReference; fileEncoding = 4; lastKnownFileType = text.json; path = instaSearch.json; sourceTree = "<group>"; };
		F0D22D7B22342458007E619A /* XCTestCase.swift */ = {isa = PBXFileReference; lastKnownFileType = sourcecode.swift; path = XCTestCase.swift; sourceTree = "<group>"; };
		F0D22D7D22342C22007E619A /* AppsPageController.swift */ = {isa = PBXFileReference; lastKnownFileType = sourcecode.swift; path = AppsPageController.swift; sourceTree = "<group>"; };
		F0D22D8222342DBA007E619A /* BaseCollectionViewController.swift */ = {isa = PBXFileReference; lastKnownFileType = sourcecode.swift; path = BaseCollectionViewController.swift; sourceTree = "<group>"; };
		F0D22D862234352B007E619A /* AppCategoryCell.swift */ = {isa = PBXFileReference; lastKnownFileType = sourcecode.swift; path = AppCategoryCell.swift; sourceTree = "<group>"; };
		F0D22D8822343A67007E619A /* AppCategoryHorizontalController.swift */ = {isa = PBXFileReference; lastKnownFileType = sourcecode.swift; path = AppCategoryHorizontalController.swift; sourceTree = "<group>"; };
		F0D22D8A22344053007E619A /* AppCell.swift */ = {isa = PBXFileReference; lastKnownFileType = sourcecode.swift; path = AppCell.swift; sourceTree = "<group>"; };
		F0D22D8C22344156007E619A /* UILabel+Init.swift */ = {isa = PBXFileReference; lastKnownFileType = sourcecode.swift; path = "UILabel+Init.swift"; sourceTree = "<group>"; };
		F0D22D8E2234420E007E619A /* UIImageView+Init.swift */ = {isa = PBXFileReference; lastKnownFileType = sourcecode.swift; path = "UIImageView+Init.swift"; sourceTree = "<group>"; };
		F0D22D9022344239007E619A /* UIButton+Init.swift */ = {isa = PBXFileReference; lastKnownFileType = sourcecode.swift; path = "UIButton+Init.swift"; sourceTree = "<group>"; };
		F0D22D9222344D30007E619A /* AppsPageHeader.swift */ = {isa = PBXFileReference; lastKnownFileType = sourcecode.swift; path = AppsPageHeader.swift; sourceTree = "<group>"; };
		F0D22D942234584C007E619A /* AppsHeaderHorizontalController.swift */ = {isa = PBXFileReference; lastKnownFileType = sourcecode.swift; path = AppsHeaderHorizontalController.swift; sourceTree = "<group>"; };
		F0D22D9822345B1F007E619A /* AppsHeaderViewCell.swift */ = {isa = PBXFileReference; lastKnownFileType = sourcecode.swift; path = AppsHeaderViewCell.swift; sourceTree = "<group>"; };
		F0D22D9E22346B64007E619A /* AppCategory.swift */ = {isa = PBXFileReference; lastKnownFileType = sourcecode.swift; path = AppCategory.swift; sourceTree = "<group>"; };
		F0D22DA122349BCB007E619A /* SocialApp.swift */ = {isa = PBXFileReference; lastKnownFileType = sourcecode.swift; path = SocialApp.swift; sourceTree = "<group>"; };
		F0D22DA322358B62007E619A /* HorizontalSnappingCollectionViewController.swift */ = {isa = PBXFileReference; lastKnownFileType = sourcecode.swift; path = HorizontalSnappingCollectionViewController.swift; sourceTree = "<group>"; };
		F0D22DA8223595CA007E619A /* SnappingCollectionFlowLayout.swift */ = {isa = PBXFileReference; lastKnownFileType = sourcecode.swift; path = SnappingCollectionFlowLayout.swift; sourceTree = "<group>"; };
		F0D22DAB2235A224007E619A /* AppDetailController.swift */ = {isa = PBXFileReference; lastKnownFileType = sourcecode.swift; path = AppDetailController.swift; sourceTree = "<group>"; };
		F0D22DAE2235A647007E619A /* AppDetailCell.swift */ = {isa = PBXFileReference; lastKnownFileType = sourcecode.swift; path = AppDetailCell.swift; sourceTree = "<group>"; };
		F0E1DF31223AB0A5000BFF4B /* ReviewRowCell.swift */ = {isa = PBXFileReference; lastKnownFileType = sourcecode.swift; path = ReviewRowCell.swift; sourceTree = "<group>"; };
		F0E1DF33223AB25C000BFF4B /* ReviewsController.swift */ = {isa = PBXFileReference; lastKnownFileType = sourcecode.swift; path = ReviewsController.swift; sourceTree = "<group>"; };
		F0E1DF35223AB4DA000BFF4B /* ReviewCell.swift */ = {isa = PBXFileReference; lastKnownFileType = sourcecode.swift; path = ReviewCell.swift; sourceTree = "<group>"; };
		F0E1DF37223ABF0C000BFF4B /* Reviews.swift */ = {isa = PBXFileReference; lastKnownFileType = sourcecode.swift; path = Reviews.swift; sourceTree = "<group>"; };
		F0E1DF3B223AE7F3000BFF4B /* ScreenShotCell.swift */ = {isa = PBXFileReference; lastKnownFileType = sourcecode.swift; path = ScreenShotCell.swift; sourceTree = "<group>"; };
		F0E788612232E49700E77A82 /* AppStore.app */ = {isa = PBXFileReference; explicitFileType = wrapper.application; includeInIndex = 0; path = AppStore.app; sourceTree = BUILT_PRODUCTS_DIR; };
		F0E788642232E49700E77A82 /* AppDelegate.swift */ = {isa = PBXFileReference; lastKnownFileType = sourcecode.swift; path = AppDelegate.swift; sourceTree = "<group>"; };
		F0E7886B2232E49800E77A82 /* Assets.xcassets */ = {isa = PBXFileReference; lastKnownFileType = folder.assetcatalog; path = Assets.xcassets; sourceTree = "<group>"; };
		F0E7886E2232E49800E77A82 /* Base */ = {isa = PBXFileReference; lastKnownFileType = file.storyboard; name = Base; path = Base.lproj/LaunchScreen.storyboard; sourceTree = "<group>"; };
		F0E788702232E49800E77A82 /* Info.plist */ = {isa = PBXFileReference; lastKnownFileType = text.plist.xml; path = Info.plist; sourceTree = "<group>"; };
		F0E788752232E49800E77A82 /* AppStoreTests.xctest */ = {isa = PBXFileReference; explicitFileType = wrapper.cfbundle; includeInIndex = 0; path = AppStoreTests.xctest; sourceTree = BUILT_PRODUCTS_DIR; };
		F0E788792232E49800E77A82 /* AppStoreTests.swift */ = {isa = PBXFileReference; lastKnownFileType = sourcecode.swift; path = AppStoreTests.swift; sourceTree = "<group>"; };
		F0E7887B2232E49800E77A82 /* Info.plist */ = {isa = PBXFileReference; lastKnownFileType = text.plist.xml; path = Info.plist; sourceTree = "<group>"; };
/* End PBXFileReference section */

/* Begin PBXFrameworksBuildPhase section */
		F0E7885E2232E49700E77A82 /* Frameworks */ = {
			isa = PBXFrameworksBuildPhase;
			buildActionMask = 2147483647;
			files = (
				666960E408B5F4F5AF789F1A /* Pods_AppStore.framework in Frameworks */,
			);
			runOnlyForDeploymentPostprocessing = 0;
		};
		F0E788722232E49800E77A82 /* Frameworks */ = {
			isa = PBXFrameworksBuildPhase;
			buildActionMask = 2147483647;
			files = (
				E0B56C9632B18C40EF3A8948 /* Pods_AppStoreTests.framework in Frameworks */,
			);
			runOnlyForDeploymentPostprocessing = 0;
		};
/* End PBXFrameworksBuildPhase section */

/* Begin PBXGroup section */
		7CEF059BC1D8BD213DF10FE0 /* Pods */ = {
			isa = PBXGroup;
			children = (
				D224758685B60B72CA7EA1C4 /* Pods-AppStore.debug.xcconfig */,
				734B4C525849520726B9281C /* Pods-AppStore.release.xcconfig */,
				A7BCAC29015F6620A992EDA4 /* Pods-AppStoreTests.debug.xcconfig */,
				B021A2BD08E024684223FCC8 /* Pods-AppStoreTests.release.xcconfig */,
			);
			name = Pods;
			sourceTree = "<group>";
		};
		A9821B21875E4F99C26AEBF1 /* Frameworks */ = {
			isa = PBXGroup;
			children = (
				2815186262C5FE7F3EE92719 /* Pods_AppStore.framework */,
				87205C7311B923369C36C5A0 /* Pods_AppStoreTests.framework */,
			);
			name = Frameworks;
			sourceTree = "<group>";
		};
		F0261F70223D560B002F20A4 /* Today */ = {
			isa = PBXGroup;
			children = (
				F0261F72223D5EF8002F20A4 /* TodayController.swift */,
				F0B4BC97223EBA5B00C9D614 /* TodayCellFullScreenController.swift */,
			);
			path = Today;
			sourceTree = "<group>";
		};
		F0261F71223D561E002F20A4 /* Today */ = {
			isa = PBXGroup;
			children = (
				F027AEBA223FF47D00D61664 /* BaseTodayCell.swift */,
				F0261F74223D5F9A002F20A4 /* TodayCell.swift */,
				F0B4BC99223EBD4D00C9D614 /* TodayFullScreenDescriptionCell.swift */,
				F0B4BC9B223EE03900C9D614 /* TodayFullScreenHeaderCell.swift */,
				F027AEB8223FED3900D61664 /* TodayAppListCell.swift */,
			);
			path = Today;
			sourceTree = "<group>";
		};
		F0B4BC9D223EEC8900C9D614 /* Today */ = {
			isa = PBXGroup;
			children = (
				F0B4BC9E223EECA200C9D614 /* TodayItem.swift */,
			);
			path = Today;
			sourceTree = "<group>";
		};
		F0D22D6922330037007E619A /* Cells */ = {
			isa = PBXGroup;
			children = (
				F0261F71223D561E002F20A4 /* Today */,
				F0D22D85223434FD007E619A /* Apps */,
				F0D22D84223434EC007E619A /* Search */,
			);
			path = Cells;
			sourceTree = "<group>";
		};
		F0D22D7422342331007E619A /* TestCases */ = {
			isa = PBXGroup;
			children = (
				F0D22D7522342384007E619A /* searchResultModelTests.swift */,
			);
			path = TestCases;
			sourceTree = "<group>";
		};
		F0D22D772234241A007E619A /* Stubs */ = {
			isa = PBXGroup;
			children = (
				F0D22D7822342426007E619A /* instaSearch.json */,
			);
			path = Stubs;
			sourceTree = "<group>";
		};
		F0D22D7A2234243B007E619A /* Extensions */ = {
			isa = PBXGroup;
			children = (
				F0D22D7B22342458007E619A /* XCTestCase.swift */,
			);
			path = Extensions;
			sourceTree = "<group>";
		};
		F0D22D7F22342C27007E619A /* Apps */ = {
			isa = PBXGroup;
			children = (
				F0D22D7D22342C22007E619A /* AppsPageController.swift */,
				F0D22DA6223590AE007E619A /* Header */,
				F0D22DA52235909E007E619A /* Categories */,
			);
			path = Apps;
			sourceTree = "<group>";
		};
		F0D22D8022342C33007E619A /* Search */ = {
			isa = PBXGroup;
			children = (
				F0D22D672232F9EA007E619A /* AppSearchController.swift */,
			);
			path = Search;
			sourceTree = "<group>";
		};
		F0D22D84223434EC007E619A /* Search */ = {
			isa = PBXGroup;
			children = (
				F0D22D6A2233005D007E619A /* SearchResultCell.swift */,
			);
			path = Search;
			sourceTree = "<group>";
		};
		F0D22D85223434FD007E619A /* Apps */ = {
			isa = PBXGroup;
			children = (
				F0D22D9722345AFD007E619A /* Header */,
				F0D22D9622345AED007E619A /* MainPage */,
				F0D22DAD2235A61E007E619A /* Detail */,
			);
			path = Apps;
			sourceTree = "<group>";
		};
		F0D22D9622345AED007E619A /* MainPage */ = {
			isa = PBXGroup;
			children = (
				F0D22D862234352B007E619A /* AppCategoryCell.swift */,
				F0D22D8A22344053007E619A /* AppCell.swift */,
			);
			path = MainPage;
			sourceTree = "<group>";
		};
		F0D22D9722345AFD007E619A /* Header */ = {
			isa = PBXGroup;
			children = (
				F0D22D9222344D30007E619A /* AppsPageHeader.swift */,
				F0D22D9822345B1F007E619A /* AppsHeaderViewCell.swift */,
			);
			path = Header;
			sourceTree = "<group>";
		};
		F0D22D9C2234668D007E619A /* App Delegate */ = {
			isa = PBXGroup;
			children = (
				F0E788642232E49700E77A82 /* AppDelegate.swift */,
			);
			path = "App Delegate";
			sourceTree = "<group>";
		};
		F0D22D9D223466E6007E619A /* Supporting Files */ = {
			isa = PBXGroup;
			children = (
				F0E788702232E49800E77A82 /* Info.plist */,
			);
			path = "Supporting Files";
			sourceTree = "<group>";
		};
		F0D22DA02234858F007E619A /* Root */ = {
			isa = PBXGroup;
			children = (
				F0D22D652232EF61007E619A /* BaseTabBarController.swift */,
				F0D22D8222342DBA007E619A /* BaseCollectionViewController.swift */,
				F0D22DA322358B62007E619A /* HorizontalSnappingCollectionViewController.swift */,
			);
			path = Root;
			sourceTree = "<group>";
		};
		F0D22DA52235909E007E619A /* Categories */ = {
			isa = PBXGroup;
			children = (
				F0D22D8822343A67007E619A /* AppCategoryHorizontalController.swift */,
				F0D22DAA223596CA007E619A /* Details */,
			);
			path = Categories;
			sourceTree = "<group>";
		};
		F0D22DA6223590AE007E619A /* Header */ = {
			isa = PBXGroup;
			children = (
				F0D22D942234584C007E619A /* AppsHeaderHorizontalController.swift */,
			);
			path = Header;
			sourceTree = "<group>";
		};
		F0D22DA7223595A1007E619A /* Helpers */ = {
			isa = PBXGroup;
			children = (
				F0D22DA8223595CA007E619A /* SnappingCollectionFlowLayout.swift */,
			);
			path = Helpers;
			sourceTree = "<group>";
		};
		F0D22DAA223596CA007E619A /* Details */ = {
			isa = PBXGroup;
			children = (
				F0D22DAB2235A224007E619A /* AppDetailController.swift */,
				F03CA09B223963D6005161C0 /* PreviewScreenShotsHorizontalController.swift */,
				F0E1DF33223AB25C000BFF4B /* ReviewsController.swift */,
			);
			path = Details;
			sourceTree = "<group>";
		};
		F0D22DAD2235A61E007E619A /* Detail */ = {
			isa = PBXGroup;
			children = (
				F0D22DAE2235A647007E619A /* AppDetailCell.swift */,
				F0E1DF3D223AE88F000BFF4B /* Preview */,
				F0E1DF3E223AE89B000BFF4B /* Review */,
			);
			path = Detail;
			sourceTree = "<group>";
		};
		F0E1DF39223ADD08000BFF4B /* Search */ = {
			isa = PBXGroup;
			children = (
				F0D22D702233242E007E619A /* SearchResult.swift */,
			);
			path = Search;
			sourceTree = "<group>";
		};
		F0E1DF3A223ADD17000BFF4B /* Apps */ = {
			isa = PBXGroup;
			children = (
				F0E1DF37223ABF0C000BFF4B /* Reviews.swift */,
				F0D22D9E22346B64007E619A /* AppCategory.swift */,
				F0D22DA122349BCB007E619A /* SocialApp.swift */,
			);
			path = Apps;
			sourceTree = "<group>";
		};
		F0E1DF3D223AE88F000BFF4B /* Preview */ = {
			isa = PBXGroup;
			children = (
				F03CA0992239623B005161C0 /* PreviewRowCell.swift */,
				F0E1DF3B223AE7F3000BFF4B /* ScreenShotCell.swift */,
			);
			path = Preview;
			sourceTree = "<group>";
		};
		F0E1DF3E223AE89B000BFF4B /* Review */ = {
			isa = PBXGroup;
			children = (
				F0E1DF31223AB0A5000BFF4B /* ReviewRowCell.swift */,
				F0E1DF35223AB4DA000BFF4B /* ReviewCell.swift */,
			);
			path = Review;
			sourceTree = "<group>";
		};
		F0E788582232E49700E77A82 = {
			isa = PBXGroup;
			children = (
				F0E788632232E49700E77A82 /* AppStore */,
				F0E788782232E49800E77A82 /* AppStoreTests */,
				F0E788622232E49700E77A82 /* Products */,
				7CEF059BC1D8BD213DF10FE0 /* Pods */,
				A9821B21875E4F99C26AEBF1 /* Frameworks */,
			);
			sourceTree = "<group>";
		};
		F0E788622232E49700E77A82 /* Products */ = {
			isa = PBXGroup;
			children = (
				F0E788612232E49700E77A82 /* AppStore.app */,
				F0E788752232E49800E77A82 /* AppStoreTests.xctest */,
			);
			name = Products;
			sourceTree = "<group>";
		};
		F0E788632232E49700E77A82 /* AppStore */ = {
			isa = PBXGroup;
			children = (
				F0D22D9C2234668D007E619A /* App Delegate */,
				F0E788872232E4F700E77A82 /* Models */,
				F0E788882232E4FF00E77A82 /* Views */,
				F0E788842232E4B900E77A82 /* Controllers */,
				F0E7888B2232E53800E77A82 /* Services */,
				F0E788892232E51700E77A82 /* Protocols */,
				F0E7888A2232E52100E77A82 /* Extensions */,
				F0D22DA7223595A1007E619A /* Helpers */,
				F0E788852232E4CD00E77A82 /* Resources */,
				F0D22D9D223466E6007E619A /* Supporting Files */,
			);
			path = AppStore;
			sourceTree = "<group>";
		};
		F0E788782232E49800E77A82 /* AppStoreTests */ = {
			isa = PBXGroup;
			children = (
				F0D22D7422342331007E619A /* TestCases */,
				F0D22D772234241A007E619A /* Stubs */,
				F0D22D7A2234243B007E619A /* Extensions */,
				F0E788792232E49800E77A82 /* AppStoreTests.swift */,
				F0E7887B2232E49800E77A82 /* Info.plist */,
			);
			path = AppStoreTests;
			sourceTree = "<group>";
		};
		F0E788842232E4B900E77A82 /* Controllers */ = {
			isa = PBXGroup;
			children = (
				F0D22DA02234858F007E619A /* Root */,
				F0261F70223D560B002F20A4 /* Today */,
				F0D22D7F22342C27007E619A /* Apps */,
				F0D22D8022342C33007E619A /* Search */,
			);
			path = Controllers;
			sourceTree = "<group>";
		};
		F0E788852232E4CD00E77A82 /* Resources */ = {
			isa = PBXGroup;
			children = (
				F0E7886B2232E49800E77A82 /* Assets.xcassets */,
			);
			path = Resources;
			sourceTree = "<group>";
		};
		F0E788862232E4ED00E77A82 /* Storyboards */ = {
			isa = PBXGroup;
			children = (
				F0E7886D2232E49800E77A82 /* LaunchScreen.storyboard */,
			);
			path = Storyboards;
			sourceTree = "<group>";
		};
		F0E788872232E4F700E77A82 /* Models */ = {
			isa = PBXGroup;
			children = (
				F0B4BC9D223EEC8900C9D614 /* Today */,
				F0E1DF3A223ADD17000BFF4B /* Apps */,
				F0E1DF39223ADD08000BFF4B /* Search */,
			);
			path = Models;
			sourceTree = "<group>";
		};
		F0E788882232E4FF00E77A82 /* Views */ = {
			isa = PBXGroup;
			children = (
				F0D22D6922330037007E619A /* Cells */,
				F0E788862232E4ED00E77A82 /* Storyboards */,
			);
			path = Views;
			sourceTree = "<group>";
		};
		F0E788892232E51700E77A82 /* Protocols */ = {
			isa = PBXGroup;
			children = (
			);
			path = Protocols;
			sourceTree = "<group>";
		};
		F0E7888A2232E52100E77A82 /* Extensions */ = {
			isa = PBXGroup;
			children = (
				F0D22D6C2233099D007E619A /* UIView+Layout.swift */,
				F0D22D6E223317E5007E619A /* VerticalStackView.swift */,
				F0D22D8C22344156007E619A /* UILabel+Init.swift */,
				F0D22D8E2234420E007E619A /* UIImageView+Init.swift */,
				F0D22D9022344239007E619A /* UIButton+Init.swift */,
			);
			path = Extensions;
			sourceTree = "<group>";
		};
		F0E7888B2232E53800E77A82 /* Services */ = {
			isa = PBXGroup;
			children = (
				F0D22D7222332CA8007E619A /* APIService.swift */,
			);
			path = Services;
			sourceTree = "<group>";
		};
/* End PBXGroup section */

/* Begin PBXNativeTarget section */
		F0E788602232E49700E77A82 /* AppStore */ = {
			isa = PBXNativeTarget;
			buildConfigurationList = F0E7887E2232E49800E77A82 /* Build configuration list for PBXNativeTarget "AppStore" */;
			buildPhases = (
				CDA5A68C10EB32A8FDDADE74 /* [CP] Check Pods Manifest.lock */,
				F0E7885D2232E49700E77A82 /* Sources */,
				F0E7885E2232E49700E77A82 /* Frameworks */,
				F0E7885F2232E49700E77A82 /* Resources */,
				8119871AA58AD28AAE905EA7 /* [CP] Embed Pods Frameworks */,
			);
			buildRules = (
			);
			dependencies = (
			);
			name = AppStore;
			productName = AppStore;
			productReference = F0E788612232E49700E77A82 /* AppStore.app */;
			productType = "com.apple.product-type.application";
		};
		F0E788742232E49800E77A82 /* AppStoreTests */ = {
			isa = PBXNativeTarget;
			buildConfigurationList = F0E788812232E49800E77A82 /* Build configuration list for PBXNativeTarget "AppStoreTests" */;
			buildPhases = (
				CD138139A686903FB814CF7F /* [CP] Check Pods Manifest.lock */,
				F0E788712232E49800E77A82 /* Sources */,
				F0E788722232E49800E77A82 /* Frameworks */,
				F0E788732232E49800E77A82 /* Resources */,
			);
			buildRules = (
			);
			dependencies = (
				F0E788772232E49800E77A82 /* PBXTargetDependency */,
			);
			name = AppStoreTests;
			productName = AppStoreTests;
			productReference = F0E788752232E49800E77A82 /* AppStoreTests.xctest */;
			productType = "com.apple.product-type.bundle.unit-test";
		};
/* End PBXNativeTarget section */

/* Begin PBXProject section */
		F0E788592232E49700E77A82 /* Project object */ = {
			isa = PBXProject;
			attributes = {
				LastSwiftUpdateCheck = 0940;
				LastUpgradeCheck = 0940;
				ORGANIZATIONNAME = "Jony Tucci";
				TargetAttributes = {
					F0E788602232E49700E77A82 = {
						CreatedOnToolsVersion = 9.4;
						LastSwiftMigration = 1010;
					};
					F0E788742232E49800E77A82 = {
						CreatedOnToolsVersion = 9.4;
						LastSwiftMigration = 1010;
						TestTargetID = F0E788602232E49700E77A82;
					};
				};
			};
			buildConfigurationList = F0E7885C2232E49700E77A82 /* Build configuration list for PBXProject "AppStore" */;
			compatibilityVersion = "Xcode 9.3";
			developmentRegion = en;
			hasScannedForEncodings = 0;
			knownRegions = (
				en,
				Base,
			);
			mainGroup = F0E788582232E49700E77A82;
			productRefGroup = F0E788622232E49700E77A82 /* Products */;
			projectDirPath = "";
			projectRoot = "";
			targets = (
				F0E788602232E49700E77A82 /* AppStore */,
				F0E788742232E49800E77A82 /* AppStoreTests */,
			);
		};
/* End PBXProject section */

/* Begin PBXResourcesBuildPhase section */
		F0E7885F2232E49700E77A82 /* Resources */ = {
			isa = PBXResourcesBuildPhase;
			buildActionMask = 2147483647;
			files = (
				F0E7886F2232E49800E77A82 /* LaunchScreen.storyboard in Resources */,
				F0E7886C2232E49800E77A82 /* Assets.xcassets in Resources */,
			);
			runOnlyForDeploymentPostprocessing = 0;
		};
		F0E788732232E49800E77A82 /* Resources */ = {
			isa = PBXResourcesBuildPhase;
			buildActionMask = 2147483647;
			files = (
				F0D22D7922342426007E619A /* instaSearch.json in Resources */,
			);
			runOnlyForDeploymentPostprocessing = 0;
		};
/* End PBXResourcesBuildPhase section */

/* Begin PBXShellScriptBuildPhase section */
		8119871AA58AD28AAE905EA7 /* [CP] Embed Pods Frameworks */ = {
			isa = PBXShellScriptBuildPhase;
			buildActionMask = 2147483647;
			files = (
			);
			inputPaths = (
				"${SRCROOT}/Pods/Target Support Files/Pods-AppStore/Pods-AppStore-frameworks.sh",
				"${BUILT_PRODUCTS_DIR}/SDWebImage/SDWebImage.framework",
			);
			name = "[CP] Embed Pods Frameworks";
			outputPaths = (
				"${TARGET_BUILD_DIR}/${FRAMEWORKS_FOLDER_PATH}/SDWebImage.framework",
			);
			runOnlyForDeploymentPostprocessing = 0;
			shellPath = /bin/sh;
			shellScript = "\"${SRCROOT}/Pods/Target Support Files/Pods-AppStore/Pods-AppStore-frameworks.sh\"\n";
			showEnvVarsInLog = 0;
		};
		CD138139A686903FB814CF7F /* [CP] Check Pods Manifest.lock */ = {
			isa = PBXShellScriptBuildPhase;
			buildActionMask = 2147483647;
			files = (
			);
			inputPaths = (
				"${PODS_PODFILE_DIR_PATH}/Podfile.lock",
				"${PODS_ROOT}/Manifest.lock",
			);
			name = "[CP] Check Pods Manifest.lock";
			outputPaths = (
				"$(DERIVED_FILE_DIR)/Pods-AppStoreTests-checkManifestLockResult.txt",
			);
			runOnlyForDeploymentPostprocessing = 0;
			shellPath = /bin/sh;
			shellScript = "diff \"${PODS_PODFILE_DIR_PATH}/Podfile.lock\" \"${PODS_ROOT}/Manifest.lock\" > /dev/null\nif [ $? != 0 ] ; then\n    # print error to STDERR\n    echo \"error: The sandbox is not in sync with the Podfile.lock. Run 'pod install' or update your CocoaPods installation.\" >&2\n    exit 1\nfi\n# This output is used by Xcode 'outputs' to avoid re-running this script phase.\necho \"SUCCESS\" > \"${SCRIPT_OUTPUT_FILE_0}\"\n";
			showEnvVarsInLog = 0;
		};
		CDA5A68C10EB32A8FDDADE74 /* [CP] Check Pods Manifest.lock */ = {
			isa = PBXShellScriptBuildPhase;
			buildActionMask = 2147483647;
			files = (
			);
			inputPaths = (
				"${PODS_PODFILE_DIR_PATH}/Podfile.lock",
				"${PODS_ROOT}/Manifest.lock",
			);
			name = "[CP] Check Pods Manifest.lock";
			outputPaths = (
				"$(DERIVED_FILE_DIR)/Pods-AppStore-checkManifestLockResult.txt",
			);
			runOnlyForDeploymentPostprocessing = 0;
			shellPath = /bin/sh;
			shellScript = "diff \"${PODS_PODFILE_DIR_PATH}/Podfile.lock\" \"${PODS_ROOT}/Manifest.lock\" > /dev/null\nif [ $? != 0 ] ; then\n    # print error to STDERR\n    echo \"error: The sandbox is not in sync with the Podfile.lock. Run 'pod install' or update your CocoaPods installation.\" >&2\n    exit 1\nfi\n# This output is used by Xcode 'outputs' to avoid re-running this script phase.\necho \"SUCCESS\" > \"${SCRIPT_OUTPUT_FILE_0}\"\n";
			showEnvVarsInLog = 0;
		};
/* End PBXShellScriptBuildPhase section */

/* Begin PBXSourcesBuildPhase section */
		F0E7885D2232E49700E77A82 /* Sources */ = {
			isa = PBXSourcesBuildPhase;
			buildActionMask = 2147483647;
			files = (
				F0B4BC9F223EECA200C9D614 /* TodayItem.swift in Sources */,
				F0B4BC98223EBA5B00C9D614 /* TodayCellFullScreenController.swift in Sources */,
				F0E788652232E49700E77A82 /* AppDelegate.swift in Sources */,
				F0E1DF36223AB4DA000BFF4B /* ReviewCell.swift in Sources */,
				F0D22DA222349BCB007E619A /* SocialApp.swift in Sources */,
				F0D22D8D22344156007E619A /* UILabel+Init.swift in Sources */,
				F0D22D9122344239007E619A /* UIButton+Init.swift in Sources */,
				F0261F73223D5EF8002F20A4 /* TodayController.swift in Sources */,
				F0D22D712233242E007E619A /* SearchResult.swift in Sources */,
				F0D22D7E22342C22007E619A /* AppsPageController.swift in Sources */,
				F0D22D6D2233099D007E619A /* UIView+Layout.swift in Sources */,
				F0D22D662232EF61007E619A /* BaseTabBarController.swift in Sources */,
				F0D22D8B22344053007E619A /* AppCell.swift in Sources */,
				F0D22DA422358B62007E619A /* HorizontalSnappingCollectionViewController.swift in Sources */,
				F0D22D682232F9EA007E619A /* AppSearchController.swift in Sources */,
				F0D22D952234584C007E619A /* AppsHeaderHorizontalController.swift in Sources */,
				F0E1DF3C223AE7F3000BFF4B /* ScreenShotCell.swift in Sources */,
				F0D22DAC2235A224007E619A /* AppDetailController.swift in Sources */,
				F0D22D872234352B007E619A /* AppCategoryCell.swift in Sources */,
				F03CA09C223963D6005161C0 /* PreviewScreenShotsHorizontalController.swift in Sources */,
				F0B4BC9A223EBD4D00C9D614 /* TodayFullScreenDescriptionCell.swift in Sources */,
				F0D22D9F22346B64007E619A /* AppCategory.swift in Sources */,
				F0D22D9922345B1F007E619A /* AppsHeaderViewCell.swift in Sources */,
				F0D22D6B2233005D007E619A /* SearchResultCell.swift in Sources */,
				F0B4BC9C223EE03900C9D614 /* TodayFullScreenHeaderCell.swift in Sources */,
				F0E1DF34223AB25C000BFF4B /* ReviewsController.swift in Sources */,
				F027AEBB223FF47D00D61664 /* BaseTodayCell.swift in Sources */,
				F0D22DA9223595CA007E619A /* SnappingCollectionFlowLayout.swift in Sources */,
				F0D22D8322342DBA007E619A /* BaseCollectionViewController.swift in Sources */,
				F0D22D8F2234420E007E619A /* UIImageView+Init.swift in Sources */,
				F0E1DF38223ABF0C000BFF4B /* Reviews.swift in Sources */,
				F0D22DAF2235A647007E619A /* AppDetailCell.swift in Sources */,
				F0261F75223D5F9A002F20A4 /* TodayCell.swift in Sources */,
				F0D22D7322332CA8007E619A /* APIService.swift in Sources */,
				F03CA09A2239623B005161C0 /* PreviewRowCell.swift in Sources */,
				F027AEB9223FED3900D61664 /* TodayAppListCell.swift in Sources */,
				F0E1DF32223AB0A5000BFF4B /* ReviewRowCell.swift in Sources */,
				F0D22D9322344D30007E619A /* AppsPageHeader.swift in Sources */,
				F0D22D8922343A67007E619A /* AppCategoryHorizontalController.swift in Sources */,
				F0D22D6F223317E5007E619A /* VerticalStackView.swift in Sources */,
			);
			runOnlyForDeploymentPostprocessing = 0;
		};
		F0E788712232E49800E77A82 /* Sources */ = {
			isa = PBXSourcesBuildPhase;
			buildActionMask = 2147483647;
			files = (
				F0D22D7622342384007E619A /* searchResultModelTests.swift in Sources */,
				F0D22D7C22342458007E619A /* XCTestCase.swift in Sources */,
				F0E7887A2232E49800E77A82 /* AppStoreTests.swift in Sources */,
			);
			runOnlyForDeploymentPostprocessing = 0;
		};
/* End PBXSourcesBuildPhase section */

/* Begin PBXTargetDependency section */
		F0E788772232E49800E77A82 /* PBXTargetDependency */ = {
			isa = PBXTargetDependency;
			target = F0E788602232E49700E77A82 /* AppStore */;
			targetProxy = F0E788762232E49800E77A82 /* PBXContainerItemProxy */;
		};
/* End PBXTargetDependency section */

/* Begin PBXVariantGroup section */
		F0E7886D2232E49800E77A82 /* LaunchScreen.storyboard */ = {
			isa = PBXVariantGroup;
			children = (
				F0E7886E2232E49800E77A82 /* Base */,
			);
			name = LaunchScreen.storyboard;
			sourceTree = "<group>";
		};
/* End PBXVariantGroup section */

/* Begin XCBuildConfiguration section */
		F0E7887C2232E49800E77A82 /* Debug */ = {
			isa = XCBuildConfiguration;
			buildSettings = {
				ALWAYS_SEARCH_USER_PATHS = NO;
				CLANG_ANALYZER_NONNULL = YES;
				CLANG_ANALYZER_NUMBER_OBJECT_CONVERSION = YES_AGGRESSIVE;
				CLANG_CXX_LANGUAGE_STANDARD = "gnu++14";
				CLANG_CXX_LIBRARY = "libc++";
				CLANG_ENABLE_MODULES = YES;
				CLANG_ENABLE_OBJC_ARC = YES;
				CLANG_ENABLE_OBJC_WEAK = YES;
				CLANG_WARN_BLOCK_CAPTURE_AUTORELEASING = YES;
				CLANG_WARN_BOOL_CONVERSION = YES;
				CLANG_WARN_COMMA = YES;
				CLANG_WARN_CONSTANT_CONVERSION = YES;
				CLANG_WARN_DEPRECATED_OBJC_IMPLEMENTATIONS = YES;
				CLANG_WARN_DIRECT_OBJC_ISA_USAGE = YES_ERROR;
				CLANG_WARN_DOCUMENTATION_COMMENTS = YES;
				CLANG_WARN_EMPTY_BODY = YES;
				CLANG_WARN_ENUM_CONVERSION = YES;
				CLANG_WARN_INFINITE_RECURSION = YES;
				CLANG_WARN_INT_CONVERSION = YES;
				CLANG_WARN_NON_LITERAL_NULL_CONVERSION = YES;
				CLANG_WARN_OBJC_IMPLICIT_RETAIN_SELF = YES;
				CLANG_WARN_OBJC_LITERAL_CONVERSION = YES;
				CLANG_WARN_OBJC_ROOT_CLASS = YES_ERROR;
				CLANG_WARN_RANGE_LOOP_ANALYSIS = YES;
				CLANG_WARN_STRICT_PROTOTYPES = YES;
				CLANG_WARN_SUSPICIOUS_MOVE = YES;
				CLANG_WARN_UNGUARDED_AVAILABILITY = YES_AGGRESSIVE;
				CLANG_WARN_UNREACHABLE_CODE = YES;
				CLANG_WARN__DUPLICATE_METHOD_MATCH = YES;
				CODE_SIGN_IDENTITY = "iPhone Developer";
				COPY_PHASE_STRIP = NO;
				DEBUG_INFORMATION_FORMAT = dwarf;
				ENABLE_STRICT_OBJC_MSGSEND = YES;
				ENABLE_TESTABILITY = YES;
				GCC_C_LANGUAGE_STANDARD = gnu11;
				GCC_DYNAMIC_NO_PIC = NO;
				GCC_NO_COMMON_BLOCKS = YES;
				GCC_OPTIMIZATION_LEVEL = 0;
				GCC_PREPROCESSOR_DEFINITIONS = (
					"DEBUG=1",
					"$(inherited)",
				);
				GCC_WARN_64_TO_32_BIT_CONVERSION = YES;
				GCC_WARN_ABOUT_RETURN_TYPE = YES_ERROR;
				GCC_WARN_UNDECLARED_SELECTOR = YES;
				GCC_WARN_UNINITIALIZED_AUTOS = YES_AGGRESSIVE;
				GCC_WARN_UNUSED_FUNCTION = YES;
				GCC_WARN_UNUSED_VARIABLE = YES;
				IPHONEOS_DEPLOYMENT_TARGET = 11.4;
				MTL_ENABLE_DEBUG_INFO = YES;
				ONLY_ACTIVE_ARCH = YES;
				SDKROOT = iphoneos;
				SWIFT_ACTIVE_COMPILATION_CONDITIONS = DEBUG;
				SWIFT_OPTIMIZATION_LEVEL = "-Onone";
				SWIFT_VERSION = 4.2;
			};
			name = Debug;
		};
		F0E7887D2232E49800E77A82 /* Release */ = {
			isa = XCBuildConfiguration;
			buildSettings = {
				ALWAYS_SEARCH_USER_PATHS = NO;
				CLANG_ANALYZER_NONNULL = YES;
				CLANG_ANALYZER_NUMBER_OBJECT_CONVERSION = YES_AGGRESSIVE;
				CLANG_CXX_LANGUAGE_STANDARD = "gnu++14";
				CLANG_CXX_LIBRARY = "libc++";
				CLANG_ENABLE_MODULES = YES;
				CLANG_ENABLE_OBJC_ARC = YES;
				CLANG_ENABLE_OBJC_WEAK = YES;
				CLANG_WARN_BLOCK_CAPTURE_AUTORELEASING = YES;
				CLANG_WARN_BOOL_CONVERSION = YES;
				CLANG_WARN_COMMA = YES;
				CLANG_WARN_CONSTANT_CONVERSION = YES;
				CLANG_WARN_DEPRECATED_OBJC_IMPLEMENTATIONS = YES;
				CLANG_WARN_DIRECT_OBJC_ISA_USAGE = YES_ERROR;
				CLANG_WARN_DOCUMENTATION_COMMENTS = YES;
				CLANG_WARN_EMPTY_BODY = YES;
				CLANG_WARN_ENUM_CONVERSION = YES;
				CLANG_WARN_INFINITE_RECURSION = YES;
				CLANG_WARN_INT_CONVERSION = YES;
				CLANG_WARN_NON_LITERAL_NULL_CONVERSION = YES;
				CLANG_WARN_OBJC_IMPLICIT_RETAIN_SELF = YES;
				CLANG_WARN_OBJC_LITERAL_CONVERSION = YES;
				CLANG_WARN_OBJC_ROOT_CLASS = YES_ERROR;
				CLANG_WARN_RANGE_LOOP_ANALYSIS = YES;
				CLANG_WARN_STRICT_PROTOTYPES = YES;
				CLANG_WARN_SUSPICIOUS_MOVE = YES;
				CLANG_WARN_UNGUARDED_AVAILABILITY = YES_AGGRESSIVE;
				CLANG_WARN_UNREACHABLE_CODE = YES;
				CLANG_WARN__DUPLICATE_METHOD_MATCH = YES;
				CODE_SIGN_IDENTITY = "iPhone Developer";
				COPY_PHASE_STRIP = NO;
				DEBUG_INFORMATION_FORMAT = "dwarf-with-dsym";
				ENABLE_NS_ASSERTIONS = NO;
				ENABLE_STRICT_OBJC_MSGSEND = YES;
				GCC_C_LANGUAGE_STANDARD = gnu11;
				GCC_NO_COMMON_BLOCKS = YES;
				GCC_WARN_64_TO_32_BIT_CONVERSION = YES;
				GCC_WARN_ABOUT_RETURN_TYPE = YES_ERROR;
				GCC_WARN_UNDECLARED_SELECTOR = YES;
				GCC_WARN_UNINITIALIZED_AUTOS = YES_AGGRESSIVE;
				GCC_WARN_UNUSED_FUNCTION = YES;
				GCC_WARN_UNUSED_VARIABLE = YES;
				IPHONEOS_DEPLOYMENT_TARGET = 11.4;
				MTL_ENABLE_DEBUG_INFO = NO;
				SDKROOT = iphoneos;
				SWIFT_COMPILATION_MODE = wholemodule;
				SWIFT_OPTIMIZATION_LEVEL = "-O";
				SWIFT_VERSION = 4.2;
				VALIDATE_PRODUCT = YES;
			};
			name = Release;
		};
		F0E7887F2232E49800E77A82 /* Debug */ = {
			isa = XCBuildConfiguration;
			baseConfigurationReference = D224758685B60B72CA7EA1C4 /* Pods-AppStore.debug.xcconfig */;
			buildSettings = {
				ASSETCATALOG_COMPILER_APPICON_NAME = AppIcon;
				CODE_SIGN_IDENTITY = "iPhone Developer";
				CODE_SIGN_STYLE = Automatic;
				DEVELOPMENT_TEAM = V3KUBC4QCP;
				INFOPLIST_FILE = "$(SRCROOT)/AppStore/Supporting Files/Info.plist";
				IPHONEOS_DEPLOYMENT_TARGET = 12.1;
				LD_RUNPATH_SEARCH_PATHS = (
					"$(inherited)",
					"@executable_path/Frameworks",
				);
				PRODUCT_BUNDLE_IDENTIFIER = com.jonytucci.AppStoreClone;
				PRODUCT_NAME = "$(TARGET_NAME)";
				PROVISIONING_PROFILE_SPECIFIER = "";
				SWIFT_VERSION = 4.2;
				TARGETED_DEVICE_FAMILY = 1;
			};
			name = Debug;
		};
		F0E788802232E49800E77A82 /* Release */ = {
			isa = XCBuildConfiguration;
			baseConfigurationReference = 734B4C525849520726B9281C /* Pods-AppStore.release.xcconfig */;
			buildSettings = {
				ASSETCATALOG_COMPILER_APPICON_NAME = AppIcon;
				CODE_SIGN_IDENTITY = "iPhone Developer";
				CODE_SIGN_STYLE = Automatic;
				DEVELOPMENT_TEAM = V3KUBC4QCP;
				INFOPLIST_FILE = "$(SRCROOT)/AppStore/Supporting Files/Info.plist";
				IPHONEOS_DEPLOYMENT_TARGET = 12.1;
				LD_RUNPATH_SEARCH_PATHS = (
					"$(inherited)",
					"@executable_path/Frameworks",
				);
				PRODUCT_BUNDLE_IDENTIFIER = com.jonytucci.AppStoreClone;
				PRODUCT_NAME = "$(TARGET_NAME)";
				PROVISIONING_PROFILE_SPECIFIER = "";
				SWIFT_VERSION = 4.2;
				TARGETED_DEVICE_FAMILY = 1;
			};
			name = Release;
		};
		F0E788822232E49800E77A82 /* Debug */ = {
			isa = XCBuildConfiguration;
			baseConfigurationReference = A7BCAC29015F6620A992EDA4 /* Pods-AppStoreTests.debug.xcconfig */;
			buildSettings = {
				ALWAYS_EMBED_SWIFT_STANDARD_LIBRARIES = YES;
				BUNDLE_LOADER = "$(TEST_HOST)";
				CODE_SIGN_STYLE = Automatic;
				DEVELOPMENT_TEAM = V3KUBC4QCP;
				INFOPLIST_FILE = AppStoreTests/Info.plist;
				LD_RUNPATH_SEARCH_PATHS = (
					"$(inherited)",
					"@executable_path/Frameworks",
					"@loader_path/Frameworks",
				);
				PRODUCT_BUNDLE_IDENTIFIER = com.jonytucci.AppStoreTests;
				PRODUCT_NAME = "$(TARGET_NAME)";
				SWIFT_VERSION = 4.2;
				TARGETED_DEVICE_FAMILY = "1,2";
				TEST_HOST = "$(BUILT_PRODUCTS_DIR)/AppStore.app/AppStore";
			};
			name = Debug;
		};
		F0E788832232E49800E77A82 /* Release */ = {
			isa = XCBuildConfiguration;
			baseConfigurationReference = B021A2BD08E024684223FCC8 /* Pods-AppStoreTests.release.xcconfig */;
			buildSettings = {
				ALWAYS_EMBED_SWIFT_STANDARD_LIBRARIES = YES;
				BUNDLE_LOADER = "$(TEST_HOST)";
				CODE_SIGN_STYLE = Automatic;
				DEVELOPMENT_TEAM = V3KUBC4QCP;
				INFOPLIST_FILE = AppStoreTests/Info.plist;
				LD_RUNPATH_SEARCH_PATHS = (
					"$(inherited)",
					"@executable_path/Frameworks",
					"@loader_path/Frameworks",
				);
				PRODUCT_BUNDLE_IDENTIFIER = com.jonytucci.AppStoreTests;
				PRODUCT_NAME = "$(TARGET_NAME)";
				SWIFT_VERSION = 4.2;
				TARGETED_DEVICE_FAMILY = "1,2";
				TEST_HOST = "$(BUILT_PRODUCTS_DIR)/AppStore.app/AppStore";
			};
			name = Release;
		};
/* End XCBuildConfiguration section */

/* Begin XCConfigurationList section */
		F0E7885C2232E49700E77A82 /* Build configuration list for PBXProject "AppStore" */ = {
			isa = XCConfigurationList;
			buildConfigurations = (
				F0E7887C2232E49800E77A82 /* Debug */,
				F0E7887D2232E49800E77A82 /* Release */,
			);
			defaultConfigurationIsVisible = 0;
			defaultConfigurationName = Release;
		};
		F0E7887E2232E49800E77A82 /* Build configuration list for PBXNativeTarget "AppStore" */ = {
			isa = XCConfigurationList;
			buildConfigurations = (
				F0E7887F2232E49800E77A82 /* Debug */,
				F0E788802232E49800E77A82 /* Release */,
			);
			defaultConfigurationIsVisible = 0;
			defaultConfigurationName = Release;
		};
		F0E788812232E49800E77A82 /* Build configuration list for PBXNativeTarget "AppStoreTests" */ = {
			isa = XCConfigurationList;
			buildConfigurations = (
				F0E788822232E49800E77A82 /* Debug */,
				F0E788832232E49800E77A82 /* Release */,
			);
			defaultConfigurationIsVisible = 0;
			defaultConfigurationName = Release;
		};
/* End XCConfigurationList section */
	};
	rootObject = F0E788592232E49700E77A82 /* Project object */;
}
